// !$*UTF8*$!
{
	archiveVersion = 1;
	classes = {
	};
	objectVersion = 50;
	objects = {

/* Begin PBXBuildFile section */
		B7124C422265B6D5006120E6 /* AppDelegate.m in Sources */ = {isa = PBXBuildFile; fileRef = B7124C412265B6D5006120E6 /* AppDelegate.m */; };
		B7124C452265B6D5006120E6 /* ViewController.m in Sources */ = {isa = PBXBuildFile; fileRef = B7124C442265B6D5006120E6 /* ViewController.m */; };
		B7124C482265B6D5006120E6 /* Main.storyboard in Resources */ = {isa = PBXBuildFile; fileRef = B7124C462265B6D5006120E6 /* Main.storyboard */; };
		B7124C4A2265B6D6006120E6 /* Assets.xcassets in Resources */ = {isa = PBXBuildFile; fileRef = B7124C492265B6D6006120E6 /* Assets.xcassets */; };
		B7124C4D2265B6D6006120E6 /* LaunchScreen.storyboard in Resources */ = {isa = PBXBuildFile; fileRef = B7124C4B2265B6D6006120E6 /* LaunchScreen.storyboard */; };
		B7124C502265B6D6006120E6 /* main.m in Sources */ = {isa = PBXBuildFile; fileRef = B7124C4F2265B6D6006120E6 /* main.m */; };
		B7CE2B362268204B004D9350 /* XParser.m in Sources */ = {isa = PBXBuildFile; fileRef = B7CE2B352268204B004D9350 /* XParser.m */; };
		B7CE2B3A22682B9B004D9350 /* UIView+XView.m in Sources */ = {isa = PBXBuildFile; fileRef = B7CE2B3922682B9B004D9350 /* UIView+XView.m */; };
		B7CE2B4222684652004D9350 /* UIColor+XColor.m in Sources */ = {isa = PBXBuildFile; fileRef = B7CE2B3C22684652004D9350 /* UIColor+XColor.m */; };
		B7CE2B4322684652004D9350 /* UIImage+XImage.m in Sources */ = {isa = PBXBuildFile; fileRef = B7CE2B3D22684652004D9350 /* UIImage+XImage.m */; };
		B7CE2B4422684652004D9350 /* NSString+XString.m in Sources */ = {isa = PBXBuildFile; fileRef = B7CE2B4022684652004D9350 /* NSString+XString.m */; };
		B7CE2B47226847E5004D9350 /* XValue.m in Sources */ = {isa = PBXBuildFile; fileRef = B7CE2B46226847E5004D9350 /* XValue.m */; };
		B7CE2B4A2268520B004D9350 /* UIImageView+XView.m in Sources */ = {isa = PBXBuildFile; fileRef = B7CE2B492268520B004D9350 /* UIImageView+XView.m */; };
		B7CE2B4D2268562D004D9350 /* XImageView.m in Sources */ = {isa = PBXBuildFile; fileRef = B7CE2B4C2268562D004D9350 /* XImageView.m */; };
		B7CE2B50226856CE004D9350 /* XElementAttribute.m in Sources */ = {isa = PBXBuildFile; fileRef = B7CE2B4F226856CE004D9350 /* XElementAttribute.m */; };
/* End PBXBuildFile section */

/* Begin PBXCopyFilesBuildPhase section */
		B7124C672265B708006120E6 /* Embed Frameworks */ = {
			isa = PBXCopyFilesBuildPhase;
			buildActionMask = 2147483647;
			dstPath = "";
			dstSubfolderSpec = 10;
			files = (
			);
			name = "Embed Frameworks";
			runOnlyForDeploymentPostprocessing = 0;
		};
/* End PBXCopyFilesBuildPhase section */

/* Begin PBXFileReference section */
		B7124C3D2265B6D5006120E6 /* xml.app */ = {isa = PBXFileReference; explicitFileType = wrapper.application; includeInIndex = 0; path = xml.app; sourceTree = BUILT_PRODUCTS_DIR; };
		B7124C402265B6D5006120E6 /* AppDelegate.h */ = {isa = PBXFileReference; lastKnownFileType = sourcecode.c.h; path = AppDelegate.h; sourceTree = "<group>"; };
		B7124C412265B6D5006120E6 /* AppDelegate.m */ = {isa = PBXFileReference; lastKnownFileType = sourcecode.c.objc; path = AppDelegate.m; sourceTree = "<group>"; };
		B7124C432265B6D5006120E6 /* ViewController.h */ = {isa = PBXFileReference; lastKnownFileType = sourcecode.c.h; path = ViewController.h; sourceTree = "<group>"; };
		B7124C442265B6D5006120E6 /* ViewController.m */ = {isa = PBXFileReference; lastKnownFileType = sourcecode.c.objc; path = ViewController.m; sourceTree = "<group>"; };
		B7124C472265B6D5006120E6 /* Base */ = {isa = PBXFileReference; lastKnownFileType = file.storyboard; name = Base; path = Base.lproj/Main.storyboard; sourceTree = "<group>"; };
		B7124C492265B6D6006120E6 /* Assets.xcassets */ = {isa = PBXFileReference; lastKnownFileType = folder.assetcatalog; path = Assets.xcassets; sourceTree = "<group>"; };
		B7124C4C2265B6D6006120E6 /* Base */ = {isa = PBXFileReference; lastKnownFileType = file.storyboard; name = Base; path = Base.lproj/LaunchScreen.storyboard; sourceTree = "<group>"; };
		B7124C4E2265B6D6006120E6 /* Info.plist */ = {isa = PBXFileReference; lastKnownFileType = text.plist.xml; path = Info.plist; sourceTree = "<group>"; };
		B7124C4F2265B6D6006120E6 /* main.m */ = {isa = PBXFileReference; lastKnownFileType = sourcecode.c.objc; path = main.m; sourceTree = "<group>"; };
		B7CE2B33226817A6004D9350 /* XElement.h */ = {isa = PBXFileReference; lastKnownFileType = sourcecode.c.h; path = XElement.h; sourceTree = "<group>"; };
		B7CE2B342268204B004D9350 /* XParser.h */ = {isa = PBXFileReference; lastKnownFileType = sourcecode.c.h; path = XParser.h; sourceTree = "<group>"; };
		B7CE2B352268204B004D9350 /* XParser.m */ = {isa = PBXFileReference; lastKnownFileType = sourcecode.c.objc; path = XParser.m; sourceTree = "<group>"; };
		B7CE2B3822682B9B004D9350 /* UIView+XView.h */ = {isa = PBXFileReference; lastKnownFileType = sourcecode.c.h; path = "UIView+XView.h"; sourceTree = "<group>"; };
		B7CE2B3922682B9B004D9350 /* UIView+XView.m */ = {isa = PBXFileReference; lastKnownFileType = sourcecode.c.objc; path = "UIView+XView.m"; sourceTree = "<group>"; };
		B7CE2B3C22684652004D9350 /* UIColor+XColor.m */ = {isa = PBXFileReference; fileEncoding = 4; lastKnownFileType = sourcecode.c.objc; path = "UIColor+XColor.m"; sourceTree = "<group>"; };
		B7CE2B3D22684652004D9350 /* UIImage+XImage.m */ = {isa = PBXFileReference; fileEncoding = 4; lastKnownFileType = sourcecode.c.objc; path = "UIImage+XImage.m"; sourceTree = "<group>"; };
		B7CE2B3E22684652004D9350 /* UIColor+XColor.h */ = {isa = PBXFileReference; fileEncoding = 4; lastKnownFileType = sourcecode.c.h; path = "UIColor+XColor.h"; sourceTree = "<group>"; };
		B7CE2B3F22684652004D9350 /* NSString+XString.h */ = {isa = PBXFileReference; fileEncoding = 4; lastKnownFileType = sourcecode.c.h; path = "NSString+XString.h"; sourceTree = "<group>"; };
		B7CE2B4022684652004D9350 /* NSString+XString.m */ = {isa = PBXFileReference; fileEncoding = 4; lastKnownFileType = sourcecode.c.objc; path = "NSString+XString.m"; sourceTree = "<group>"; };
		B7CE2B4122684652004D9350 /* UIImage+XImage.h */ = {isa = PBXFileReference; fileEncoding = 4; lastKnownFileType = sourcecode.c.h; path = "UIImage+XImage.h"; sourceTree = "<group>"; };
		B7CE2B45226847E5004D9350 /* XValue.h */ = {isa = PBXFileReference; lastKnownFileType = sourcecode.c.h; path = XValue.h; sourceTree = "<group>"; };
		B7CE2B46226847E5004D9350 /* XValue.m */ = {isa = PBXFileReference; lastKnownFileType = sourcecode.c.objc; path = XValue.m; sourceTree = "<group>"; };
		B7CE2B482268520B004D9350 /* UIImageView+XView.h */ = {isa = PBXFileReference; lastKnownFileType = sourcecode.c.h; path = "UIImageView+XView.h"; sourceTree = "<group>"; };
		B7CE2B492268520B004D9350 /* UIImageView+XView.m */ = {isa = PBXFileReference; lastKnownFileType = sourcecode.c.objc; path = "UIImageView+XView.m"; sourceTree = "<group>"; };
		B7CE2B4B2268562D004D9350 /* XImageView.h */ = {isa = PBXFileReference; lastKnownFileType = sourcecode.c.h; path = XImageView.h; sourceTree = "<group>"; };
		B7CE2B4C2268562D004D9350 /* XImageView.m */ = {isa = PBXFileReference; lastKnownFileType = sourcecode.c.objc; path = XImageView.m; sourceTree = "<group>"; };
		B7CE2B4E226856CE004D9350 /* XElementAttribute.h */ = {isa = PBXFileReference; lastKnownFileType = sourcecode.c.h; path = XElementAttribute.h; sourceTree = "<group>"; };
		B7CE2B4F226856CE004D9350 /* XElementAttribute.m */ = {isa = PBXFileReference; lastKnownFileType = sourcecode.c.objc; path = XElementAttribute.m; sourceTree = "<group>"; };
/* End PBXFileReference section */

/* Begin PBXFrameworksBuildPhase section */
		B7124C3A2265B6D5006120E6 /* Frameworks */ = {
			isa = PBXFrameworksBuildPhase;
			buildActionMask = 2147483647;
			files = (
			);
			runOnlyForDeploymentPostprocessing = 0;
		};
/* End PBXFrameworksBuildPhase section */

/* Begin PBXGroup section */
		B7124C342265B6D5006120E6 = {
			isa = PBXGroup;
			children = (
				B7124C3F2265B6D5006120E6 /* xml */,
				B7124C3E2265B6D5006120E6 /* Products */,
			);
			sourceTree = "<group>";
		};
		B7124C3E2265B6D5006120E6 /* Products */ = {
			isa = PBXGroup;
			children = (
				B7124C3D2265B6D5006120E6 /* xml.app */,
			);
			name = Products;
			sourceTree = "<group>";
		};
		B7124C3F2265B6D5006120E6 /* xml */ = {
			isa = PBXGroup;
			children = (
				B7CE2B3B22684611004D9350 /* XValue */,
				B7CE2B3722682B78004D9350 /* XView */,
				B7CE2B322268177C004D9350 /* XParser */,
				B7124C402265B6D5006120E6 /* AppDelegate.h */,
				B7124C412265B6D5006120E6 /* AppDelegate.m */,
				B7124C432265B6D5006120E6 /* ViewController.h */,
				B7124C442265B6D5006120E6 /* ViewController.m */,
				B7124C462265B6D5006120E6 /* Main.storyboard */,
				B7124C492265B6D6006120E6 /* Assets.xcassets */,
				B7124C4B2265B6D6006120E6 /* LaunchScreen.storyboard */,
				B7124C4E2265B6D6006120E6 /* Info.plist */,
				B7124C4F2265B6D6006120E6 /* main.m */,
			);
			path = xml;
			sourceTree = "<group>";
		};
		B7CE2B322268177C004D9350 /* XParser */ = {
			isa = PBXGroup;
			children = (
				B7CE2B33226817A6004D9350 /* XElement.h */,
				B7CE2B342268204B004D9350 /* XParser.h */,
				B7CE2B352268204B004D9350 /* XParser.m */,
			);
			path = XParser;
			sourceTree = "<group>";
		};
		B7CE2B3722682B78004D9350 /* XView */ = {
			isa = PBXGroup;
			children = (
				B7CE2B3822682B9B004D9350 /* UIView+XView.h */,
				B7CE2B3922682B9B004D9350 /* UIView+XView.m */,
				B7CE2B482268520B004D9350 /* UIImageView+XView.h */,
				B7CE2B492268520B004D9350 /* UIImageView+XView.m */,
				B7CE2B4B2268562D004D9350 /* XImageView.h */,
				B7CE2B4C2268562D004D9350 /* XImageView.m */,
				B7CE2B4E226856CE004D9350 /* XElementAttribute.h */,
				B7CE2B4F226856CE004D9350 /* XElementAttribute.m */,
			);
			path = XView;
			sourceTree = "<group>";
		};
		B7CE2B3B22684611004D9350 /* XValue */ = {
			isa = PBXGroup;
			children = (
				B7CE2B3F22684652004D9350 /* NSString+XString.h */,
				B7CE2B4022684652004D9350 /* NSString+XString.m */,
				B7CE2B3E22684652004D9350 /* UIColor+XColor.h */,
				B7CE2B3C22684652004D9350 /* UIColor+XColor.m */,
				B7CE2B4122684652004D9350 /* UIImage+XImage.h */,
				B7CE2B3D22684652004D9350 /* UIImage+XImage.m */,
				B7CE2B45226847E5004D9350 /* XValue.h */,
				B7CE2B46226847E5004D9350 /* XValue.m */,
			);
			path = XValue;
			sourceTree = "<group>";
		};
/* End PBXGroup section */

/* Begin PBXNativeTarget section */
		B7124C3C2265B6D5006120E6 /* xml */ = {
			isa = PBXNativeTarget;
			buildConfigurationList = B7124C532265B6D6006120E6 /* Build configuration list for PBXNativeTarget "xml" */;
			buildPhases = (
				B7124C392265B6D5006120E6 /* Sources */,
				B7124C3A2265B6D5006120E6 /* Frameworks */,
				B7124C3B2265B6D5006120E6 /* Resources */,
				B7124C672265B708006120E6 /* Embed Frameworks */,
			);
			buildRules = (
			);
			dependencies = (
			);
			name = xml;
			productName = xml;
			productReference = B7124C3D2265B6D5006120E6 /* xml.app */;
			productType = "com.apple.product-type.application";
		};
/* End PBXNativeTarget section */

/* Begin PBXProject section */
		B7124C352265B6D5006120E6 /* Project object */ = {
			isa = PBXProject;
			attributes = {
				LastUpgradeCheck = 1010;
				ORGANIZATIONNAME = KnowChat02;
				TargetAttributes = {
					B7124C3C2265B6D5006120E6 = {
						CreatedOnToolsVersion = 10.1;
					};
				};
			};
			buildConfigurationList = B7124C382265B6D5006120E6 /* Build configuration list for PBXProject "xml" */;
			compatibilityVersion = "Xcode 9.3";
			developmentRegion = en;
			hasScannedForEncodings = 0;
			knownRegions = (
				en,
				Base,
			);
			mainGroup = B7124C342265B6D5006120E6;
			productRefGroup = B7124C3E2265B6D5006120E6 /* Products */;
			projectDirPath = "";
			projectRoot = "";
			targets = (
				B7124C3C2265B6D5006120E6 /* xml */,
			);
		};
/* End PBXProject section */

/* Begin PBXResourcesBuildPhase section */
		B7124C3B2265B6D5006120E6 /* Resources */ = {
			isa = PBXResourcesBuildPhase;
			buildActionMask = 2147483647;
			files = (
				B7124C4D2265B6D6006120E6 /* LaunchScreen.storyboard in Resources */,
				B7124C4A2265B6D6006120E6 /* Assets.xcassets in Resources */,
				B7124C482265B6D5006120E6 /* Main.storyboard in Resources */,
			);
			runOnlyForDeploymentPostprocessing = 0;
		};
/* End PBXResourcesBuildPhase section */

/* Begin PBXSourcesBuildPhase section */
		B7124C392265B6D5006120E6 /* Sources */ = {
			isa = PBXSourcesBuildPhase;
			buildActionMask = 2147483647;
			files = (
				B7CE2B50226856CE004D9350 /* XElementAttribute.m in Sources */,
				B7CE2B4A2268520B004D9350 /* UIImageView+XView.m in Sources */,
				B7124C452265B6D5006120E6 /* ViewController.m in Sources */,
				B7CE2B362268204B004D9350 /* XParser.m in Sources */,
				B7124C502265B6D6006120E6 /* main.m in Sources */,
				B7CE2B3A22682B9B004D9350 /* UIView+XView.m in Sources */,
				B7CE2B4222684652004D9350 /* UIColor+XColor.m in Sources */,
				B7124C422265B6D5006120E6 /* AppDelegate.m in Sources */,
				B7CE2B4D2268562D004D9350 /* XImageView.m in Sources */,
				B7CE2B4322684652004D9350 /* UIImage+XImage.m in Sources */,
				B7CE2B47226847E5004D9350 /* XValue.m in Sources */,
				B7CE2B4422684652004D9350 /* NSString+XString.m in Sources */,
			);
			runOnlyForDeploymentPostprocessing = 0;
		};
/* End PBXSourcesBuildPhase section */

/* Begin PBXVariantGroup section */
		B7124C462265B6D5006120E6 /* Main.storyboard */ = {
			isa = PBXVariantGroup;
			children = (
				B7124C472265B6D5006120E6 /* Base */,
			);
			name = Main.storyboard;
			sourceTree = "<group>";
		};
		B7124C4B2265B6D6006120E6 /* LaunchScreen.storyboard */ = {
			isa = PBXVariantGroup;
			children = (
				B7124C4C2265B6D6006120E6 /* Base */,
			);
			name = LaunchScreen.storyboard;
			sourceTree = "<group>";
		};
/* End PBXVariantGroup section */

/* Begin XCBuildConfiguration section */
		B7124C512265B6D6006120E6 /* Debug */ = {
			isa = XCBuildConfiguration;
			buildSettings = {
				ALWAYS_SEARCH_USER_PATHS = NO;
				CLANG_ANALYZER_NONNULL = YES;
				CLANG_ANALYZER_NUMBER_OBJECT_CONVERSION = YES_AGGRESSIVE;
				CLANG_CXX_LANGUAGE_STANDARD = "gnu++14";
				CLANG_CXX_LIBRARY = "libc++";
				CLANG_ENABLE_MODULES = YES;
				CLANG_ENABLE_OBJC_ARC = YES;
				CLANG_ENABLE_OBJC_WEAK = YES;
				CLANG_WARN_BLOCK_CAPTURE_AUTORELEASING = YES;
				CLANG_WARN_BOOL_CONVERSION = YES;
				CLANG_WARN_COMMA = YES;
				CLANG_WARN_CONSTANT_CONVERSION = YES;
				CLANG_WARN_DEPRECATED_OBJC_IMPLEMENTATIONS = YES;
				CLANG_WARN_DIRECT_OBJC_ISA_USAGE = YES_ERROR;
				CLANG_WARN_DOCUMENTATION_COMMENTS = YES;
				CLANG_WARN_EMPTY_BODY = YES;
				CLANG_WARN_ENUM_CONVERSION = YES;
				CLANG_WARN_INFINITE_RECURSION = YES;
				CLANG_WARN_INT_CONVERSION = YES;
				CLANG_WARN_NON_LITERAL_NULL_CONVERSION = YES;
				CLANG_WARN_OBJC_IMPLICIT_RETAIN_SELF = YES;
				CLANG_WARN_OBJC_LITERAL_CONVERSION = YES;
				CLANG_WARN_OBJC_ROOT_CLASS = YES_ERROR;
				CLANG_WARN_RANGE_LOOP_ANALYSIS = YES;
				CLANG_WARN_STRICT_PROTOTYPES = YES;
				CLANG_WARN_SUSPICIOUS_MOVE = YES;
				CLANG_WARN_UNGUARDED_AVAILABILITY = YES_AGGRESSIVE;
				CLANG_WARN_UNREACHABLE_CODE = YES;
				CLANG_WARN__DUPLICATE_METHOD_MATCH = YES;
				CODE_SIGN_IDENTITY = "iPhone Developer";
				COPY_PHASE_STRIP = NO;
				DEBUG_INFORMATION_FORMAT = dwarf;
				ENABLE_STRICT_OBJC_MSGSEND = YES;
				ENABLE_TESTABILITY = YES;
				GCC_C_LANGUAGE_STANDARD = gnu11;
				GCC_DYNAMIC_NO_PIC = NO;
				GCC_NO_COMMON_BLOCKS = YES;
				GCC_OPTIMIZATION_LEVEL = 0;
				GCC_PREPROCESSOR_DEFINITIONS = (
					"DEBUG=1",
					"$(inherited)",
				);
				GCC_WARN_64_TO_32_BIT_CONVERSION = YES;
				GCC_WARN_ABOUT_RETURN_TYPE = YES_ERROR;
				GCC_WARN_UNDECLARED_SELECTOR = YES;
				GCC_WARN_UNINITIALIZED_AUTOS = YES_AGGRESSIVE;
				GCC_WARN_UNUSED_FUNCTION = YES;
				GCC_WARN_UNUSED_VARIABLE = YES;
				IPHONEOS_DEPLOYMENT_TARGET = 12.1;
				MTL_ENABLE_DEBUG_INFO = INCLUDE_SOURCE;
				MTL_FAST_MATH = YES;
				ONLY_ACTIVE_ARCH = YES;
				SDKROOT = iphoneos;
			};
			name = Debug;
		};
		B7124C522265B6D6006120E6 /* Release */ = {
			isa = XCBuildConfiguration;
			buildSettings = {
				ALWAYS_SEARCH_USER_PATHS = NO;
				CLANG_ANALYZER_NONNULL = YES;
				CLANG_ANALYZER_NUMBER_OBJECT_CONVERSION = YES_AGGRESSIVE;
				CLANG_CXX_LANGUAGE_STANDARD = "gnu++14";
				CLANG_CXX_LIBRARY = "libc++";
				CLANG_ENABLE_MODULES = YES;
				CLANG_ENABLE_OBJC_ARC = YES;
				CLANG_ENABLE_OBJC_WEAK = YES;
				CLANG_WARN_BLOCK_CAPTURE_AUTORELEASING = YES;
				CLANG_WARN_BOOL_CONVERSION = YES;
				CLANG_WARN_COMMA = YES;
				CLANG_WARN_CONSTANT_CONVERSION = YES;
				CLANG_WARN_DEPRECATED_OBJC_IMPLEMENTATIONS = YES;
				CLANG_WARN_DIRECT_OBJC_ISA_USAGE = YES_ERROR;
				CLANG_WARN_DOCUMENTATION_COMMENTS = YES;
				CLANG_WARN_EMPTY_BODY = YES;
				CLANG_WARN_ENUM_CONVERSION = YES;
				CLANG_WARN_INFINITE_RECURSION = YES;
				CLANG_WARN_INT_CONVERSION = YES;
				CLANG_WARN_NON_LITERAL_NULL_CONVERSION = YES;
				CLANG_WARN_OBJC_IMPLICIT_RETAIN_SELF = YES;
				CLANG_WARN_OBJC_LITERAL_CONVERSION = YES;
				CLANG_WARN_OBJC_ROOT_CLASS = YES_ERROR;
				CLANG_WARN_RANGE_LOOP_ANALYSIS = YES;
				CLANG_WARN_STRICT_PROTOTYPES = YES;
				CLANG_WARN_SUSPICIOUS_MOVE = YES;
				CLANG_WARN_UNGUARDED_AVAILABILITY = YES_AGGRESSIVE;
				CLANG_WARN_UNREACHABLE_CODE = YES;
				CLANG_WARN__DUPLICATE_METHOD_MATCH = YES;
				CODE_SIGN_IDENTITY = "iPhone Developer";
				COPY_PHASE_STRIP = NO;
				DEBUG_INFORMATION_FORMAT = "dwarf-with-dsym";
				ENABLE_NS_ASSERTIONS = NO;
				ENABLE_STRICT_OBJC_MSGSEND = YES;
				GCC_C_LANGUAGE_STANDARD = gnu11;
				GCC_NO_COMMON_BLOCKS = YES;
				GCC_WARN_64_TO_32_BIT_CONVERSION = YES;
				GCC_WARN_ABOUT_RETURN_TYPE = YES_ERROR;
				GCC_WARN_UNDECLARED_SELECTOR = YES;
				GCC_WARN_UNINITIALIZED_AUTOS = YES_AGGRESSIVE;
				GCC_WARN_UNUSED_FUNCTION = YES;
				GCC_WARN_UNUSED_VARIABLE = YES;
				IPHONEOS_DEPLOYMENT_TARGET = 12.1;
				MTL_ENABLE_DEBUG_INFO = NO;
				MTL_FAST_MATH = YES;
				SDKROOT = iphoneos;
				VALIDATE_PRODUCT = YES;
			};
			name = Release;
		};
		B7124C542265B6D6006120E6 /* Debug */ = {
			isa = XCBuildConfiguration;
			buildSettings = {
				ASSETCATALOG_COMPILER_APPICON_NAME = AppIcon;
				CODE_SIGN_STYLE = Automatic;
				DEVELOPMENT_TEAM = 2DLB5HANTP;
				INFOPLIST_FILE = xml/Info.plist;
				LD_RUNPATH_SEARCH_PATHS = (
					"$(inherited)",
					"@executable_path/Frameworks",
				);
				PRODUCT_BUNDLE_IDENTIFIER = com.yyk.xml;
				PRODUCT_NAME = "$(TARGET_NAME)";
				TARGETED_DEVICE_FAMILY = "1,2";
			};
			name = Debug;
		};
		B7124C552265B6D6006120E6 /* Release */ = {
			isa = XCBuildConfiguration;
			buildSettings = {
				ASSETCATALOG_COMPILER_APPICON_NAME = AppIcon;
				CODE_SIGN_STYLE = Automatic;
				DEVELOPMENT_TEAM = 2DLB5HANTP;
				INFOPLIST_FILE = xml/Info.plist;
				LD_RUNPATH_SEARCH_PATHS = (
					"$(inherited)",
					"@executable_path/Frameworks",
				);
				PRODUCT_BUNDLE_IDENTIFIER = com.yyk.xml;
				PRODUCT_NAME = "$(TARGET_NAME)";
				TARGETED_DEVICE_FAMILY = "1,2";
			};
			name = Release;
		};
/* End XCBuildConfiguration section */

/* Begin XCConfigurationList section */
		B7124C382265B6D5006120E6 /* Build configuration list for PBXProject "xml" */ = {
			isa = XCConfigurationList;
			buildConfigurations = (
				B7124C512265B6D6006120E6 /* Debug */,
				B7124C522265B6D6006120E6 /* Release */,
			);
			defaultConfigurationIsVisible = 0;
			defaultConfigurationName = Release;
		};
		B7124C532265B6D6006120E6 /* Build configuration list for PBXNativeTarget "xml" */ = {
			isa = XCConfigurationList;
			buildConfigurations = (
				B7124C542265B6D6006120E6 /* Debug */,
				B7124C552265B6D6006120E6 /* Release */,
			);
			defaultConfigurationIsVisible = 0;
			defaultConfigurationName = Release;
		};
/* End XCConfigurationList section */
	};
	rootObject = B7124C352265B6D5006120E6 /* Project object */;
}
